
Microsoft Visual Studio Solution File, Format Version 12.00
# Visual Studio Version 16
VisualStudioVersion = 16.0.29926.136
MinimumVisualStudioVersion = 10.0.40219.1
Project("{2150E333-8FDC-42A3-9474-1A3956D46DE8}") = "examples", "examples", "{E35EED7A-2DD4-405F-A6CD-043441B0B977}"
EndProject
Project("{2150E333-8FDC-42A3-9474-1A3956D46DE8}") = "console", "console", "{5167740F-29B2-43CA-8E28-A700BE79AFCD}"
EndProject
Project("{FAE04EC0-301F-11D3-BF4B-00C04F79EFBC}") = "HelloWorld", "HelloWorld\HelloWorld.csproj", "{49988AA5-0188-4524-BD1E-40B3F9A64F31}"
EndProject
Global
	GlobalSection(SolutionConfigurationPlatforms) = preSolution
		Debug|Any CPU = Debug|Any CPU
		Release|Any CPU = Release|Any CPU
	EndGlobalSection
	GlobalSection(ProjectConfigurationPlatforms) = postSolution
		{49988AA5-0188-4524-BD1E-40B3F9A64F31}.Debug|Any CPU.ActiveCfg = Debug|Any CPU
		{49988AA5-0188-4524-BD1E-40B3F9A64F31}.Debug|Any CPU.Build.0 = Debug|Any CPU
		{49988AA5-0188-4524-BD1E-40B3F9A64F31}.Release|Any CPU.ActiveCfg = Release|Any CPU
		{49988AA5-0188-4524-BD1E-40B3F9A64F31}.Release|Any CPU.Build.0 = Release|Any CPU
	EndGlobalSection
	GlobalSection(SolutionProperties) = preSolution
		HideSolutionNode = FALSE
	EndGlobalSection
	GlobalSection(NestedProjects) = preSolution
		{5167740F-29B2-43CA-8E28-A700BE79AFCD} = {E35EED7A-2DD4-405F-A6CD-043441B0B977}
		{49988AA5-0188-4524-BD1E-40B3F9A64F31} = {5167740F-29B2-43CA-8E28-A700BE79AFCD}
	EndGlobalSection
	GlobalSection(ExtensibilityGlobals) = postSolution
		SolutionGuid = {BFDF9584-281E-4BEC-820B-D3F008291FB9}
	EndGlobalSection
EndGlobal
