
Microsoft Visual Studio Solution File, Format Version 12.00
# Visual Studio Version 16
VisualStudioVersion = 16.0.29926.136
MinimumVisualStudioVersion = 10.0.40219.1
Project("{FAE04EC0-301F-11D3-BF4B-00C04F79EFBC}") = "Box2D.WindowTests", "Box2D.WindowTests\Box2D.WindowTests.csproj", "{C7CCB31C-2A88-416E-B449-0A13D9CE84AA}"
EndProject
Project("{FAE04EC0-301F-11D3-BF4B-00C04F79EFBC}") = "Box2D.Window", "Box2D.Window\Box2D.Window.csproj", "{78472121-1376-471D-8801-6C67882B28AD}"
EndProject
Project("{FAE04EC0-301F-11D3-BF4B-00C04F79EFBC}") = "Box2D.WorldTests", "Box2D.WorldTests\Box2D.WorldTests.csproj", "{D20B0AE3-3FC0-4B04-923F-61A2A928F97C}"
EndProject
Project("{2150E333-8FDC-42A3-9474-1A3956D46DE8}") = "examples", "examples", "{CFFED500-BB9F-11EA-AA17-6D586A78C909}"
EndProject
Global
	GlobalSection(SolutionProperties) = preSolution
		HideSolutionNode = FALSE
	EndGlobalSection
	GlobalSection(ExtensibilityGlobals) = postSolution
		SolutionGuid = {DEC97AC1-1CC5-4EBF-9C1C-D828FA639573}
	EndGlobalSection
	GlobalSection(SolutionConfigurationPlatforms) = preSolution
		Debug|Any CPU = Debug|Any CPU
		Debug|x64 = Debug|x64
		Debug|x86 = Debug|x86
		Release|Any CPU = Release|Any CPU
		Release|x64 = Release|x64
		Release|x86 = Release|x86
	EndGlobalSection
	GlobalSection(ProjectConfigurationPlatforms) = postSolution
		{C7CCB31C-2A88-416E-B449-0A13D9CE84AA}.Debug|Any CPU.ActiveCfg = Debug|Any CPU
		{C7CCB31C-2A88-416E-B449-0A13D9CE84AA}.Debug|Any CPU.Build.0 = Debug|Any CPU
		{C7CCB31C-2A88-416E-B449-0A13D9CE84AA}.Debug|x64.ActiveCfg = Debug|Any CPU
		{C7CCB31C-2A88-416E-B449-0A13D9CE84AA}.Debug|x64.Build.0 = Debug|Any CPU
		{C7CCB31C-2A88-416E-B449-0A13D9CE84AA}.Debug|x86.ActiveCfg = Debug|Any CPU
		{C7CCB31C-2A88-416E-B449-0A13D9CE84AA}.Debug|x86.Build.0 = Debug|Any CPU
		{C7CCB31C-2A88-416E-B449-0A13D9CE84AA}.Release|Any CPU.ActiveCfg = Release|Any CPU
		{C7CCB31C-2A88-416E-B449-0A13D9CE84AA}.Release|Any CPU.Build.0 = Release|Any CPU
		{C7CCB31C-2A88-416E-B449-0A13D9CE84AA}.Release|x64.ActiveCfg = Release|Any CPU
		{C7CCB31C-2A88-416E-B449-0A13D9CE84AA}.Release|x64.Build.0 = Release|Any CPU
		{C7CCB31C-2A88-416E-B449-0A13D9CE84AA}.Release|x86.ActiveCfg = Release|Any CPU
		{C7CCB31C-2A88-416E-B449-0A13D9CE84AA}.Release|x86.Build.0 = Release|Any CPU
		{78472121-1376-471D-8801-6C67882B28AD}.Debug|Any CPU.ActiveCfg = Debug|Any CPU
		{78472121-1376-471D-8801-6C67882B28AD}.Debug|Any CPU.Build.0 = Debug|Any CPU
		{78472121-1376-471D-8801-6C67882B28AD}.Debug|x64.ActiveCfg = Debug|Any CPU
		{78472121-1376-471D-8801-6C67882B28AD}.Debug|x64.Build.0 = Debug|Any CPU
		{78472121-1376-471D-8801-6C67882B28AD}.Debug|x86.ActiveCfg = Debug|Any CPU
		{78472121-1376-471D-8801-6C67882B28AD}.Debug|x86.Build.0 = Debug|Any CPU
		{78472121-1376-471D-8801-6C67882B28AD}.Release|Any CPU.ActiveCfg = Release|Any CPU
		{78472121-1376-471D-8801-6C67882B28AD}.Release|Any CPU.Build.0 = Release|Any CPU
		{78472121-1376-471D-8801-6C67882B28AD}.Release|x64.ActiveCfg = Release|Any CPU
		{78472121-1376-471D-8801-6C67882B28AD}.Release|x64.Build.0 = Release|Any CPU
		{78472121-1376-471D-8801-6C67882B28AD}.Release|x86.ActiveCfg = Release|Any CPU
		{78472121-1376-471D-8801-6C67882B28AD}.Release|x86.Build.0 = Release|Any CPU
		{D20B0AE3-3FC0-4B04-923F-61A2A928F97C}.Debug|Any CPU.ActiveCfg = Debug|Any CPU
		{D20B0AE3-3FC0-4B04-923F-61A2A928F97C}.Debug|Any CPU.Build.0 = Debug|Any CPU
		{D20B0AE3-3FC0-4B04-923F-61A2A928F97C}.Debug|x64.ActiveCfg = Debug|Any CPU
		{D20B0AE3-3FC0-4B04-923F-61A2A928F97C}.Debug|x64.Build.0 = Debug|Any CPU
		{D20B0AE3-3FC0-4B04-923F-61A2A928F97C}.Debug|x86.ActiveCfg = Debug|Any CPU
		{D20B0AE3-3FC0-4B04-923F-61A2A928F97C}.Debug|x86.Build.0 = Debug|Any CPU
		{D20B0AE3-3FC0-4B04-923F-61A2A928F97C}.Release|Any CPU.ActiveCfg = Release|Any CPU
		{D20B0AE3-3FC0-4B04-923F-61A2A928F97C}.Release|Any CPU.Build.0 = Release|Any CPU
		{D20B0AE3-3FC0-4B04-923F-61A2A928F97C}.Release|x64.ActiveCfg = Release|Any CPU
		{D20B0AE3-3FC0-4B04-923F-61A2A928F97C}.Release|x64.Build.0 = Release|Any CPU
		{D20B0AE3-3FC0-4B04-923F-61A2A928F97C}.Release|x86.ActiveCfg = Release|Any CPU
		{D20B0AE3-3FC0-4B04-923F-61A2A928F97C}.Release|x86.Build.0 = Release|Any CPU
	EndGlobalSection
	GlobalSection(NestedProjects) = preSolution
		{D20B0AE3-3FC0-4B04-923F-61A2A928F97C} = {CFFED500-BB9F-11EA-AA17-6D586A78C909}
		{C7CCB31C-2A88-416E-B449-0A13D9CE84AA} = {CFFED500-BB9F-11EA-AA17-6D586A78C909}
		{78472121-1376-471D-8801-6C67882B28AD} = {CFFED500-BB9F-11EA-AA17-6D586A78C909}
	EndGlobalSection
EndGlobal
