
Microsoft Visual Studio Solution File, Format Version 12.00
# Visual Studio Version 16
VisualStudioVersion = 16.0.29926.136
MinimumVisualStudioVersion = 10.0.40219.1
Project("{2150E333-8FDC-42A3-9474-1A3956D46DE8}") = "src", "src", "{3E960094-A4E8-4C3C-B291-F3803FE7F9B0}"
EndProject
Project("{2150E333-8FDC-42A3-9474-1A3956D46DE8}") = "box2dx", "box2dx", "{3D1CA146-AD8E-4C8F-9D72-FFB11E2148D0}"
EndProject
Project("{FAE04EC0-301F-11D3-BF4B-00C04F79EFBC}") = "Box2D.NetStandard", "box2dx\Box2D.NetStandard\Box2D.NetStandard.csproj", "{5B49FCE0-F690-48F0-A2DD-DB3A825CBB1D}"
EndProject
Project("{FAE04EC0-301F-11D3-BF4B-00C04F79EFBC}") = "Box2D.Window", "..\examples\window\Box2D.Window\Box2D.Window.csproj", "{43CE17E3-37F7-4CE9-B70C-AD20E7F4DC39}"
EndProject
Project("{FAE04EC0-301F-11D3-BF4B-00C04F79EFBC}") = "Box2D.WindowTests", "..\examples\window\Box2D.WindowTests\Box2D.WindowTests.csproj", "{7EA7F613-E02A-4F5C-AA55-C437F3EBF4AE}"
EndProject
Project("{FAE04EC0-301F-11D3-BF4B-00C04F79EFBC}") = "TestWorlds", "TestWorlds\TestWorlds.csproj", "{8217AAEB-51BF-4453-A767-66A65923F22C}"
EndProject
Project("{FAE04EC0-301F-11D3-BF4B-00C04F79EFBC}") = "Box2D.NetStandard.UnitTests", "..\tests\unit\Box2D.NetStandard.UnitTests\Box2D.NetStandard.UnitTests.csproj", "{080C6C72-B63C-4E8E-ACF5-833C911379ED}"
EndProject
Global
	GlobalSection(SolutionConfigurationPlatforms) = preSolution
		Debug|Any CPU = Debug|Any CPU
		Release|Any CPU = Release|Any CPU
	EndGlobalSection
	GlobalSection(ProjectConfigurationPlatforms) = postSolution
		{5B49FCE0-F690-48F0-A2DD-DB3A825CBB1D}.Debug|Any CPU.ActiveCfg = Debug|Any CPU
		{5B49FCE0-F690-48F0-A2DD-DB3A825CBB1D}.Debug|Any CPU.Build.0 = Debug|Any CPU
		{5B49FCE0-F690-48F0-A2DD-DB3A825CBB1D}.Release|Any CPU.ActiveCfg = Release|Any CPU
		{5B49FCE0-F690-48F0-A2DD-DB3A825CBB1D}.Release|Any CPU.Build.0 = Release|Any CPU
		{43CE17E3-37F7-4CE9-B70C-AD20E7F4DC39}.Debug|Any CPU.ActiveCfg = Debug|Any CPU
		{43CE17E3-37F7-4CE9-B70C-AD20E7F4DC39}.Debug|Any CPU.Build.0 = Debug|Any CPU
		{43CE17E3-37F7-4CE9-B70C-AD20E7F4DC39}.Release|Any CPU.ActiveCfg = Release|Any CPU
		{43CE17E3-37F7-4CE9-B70C-AD20E7F4DC39}.Release|Any CPU.Build.0 = Release|Any CPU
		{7EA7F613-E02A-4F5C-AA55-C437F3EBF4AE}.Debug|Any CPU.ActiveCfg = Debug|Any CPU
		{7EA7F613-E02A-4F5C-AA55-C437F3EBF4AE}.Debug|Any CPU.Build.0 = Debug|Any CPU
		{7EA7F613-E02A-4F5C-AA55-C437F3EBF4AE}.Release|Any CPU.ActiveCfg = Release|Any CPU
		{7EA7F613-E02A-4F5C-AA55-C437F3EBF4AE}.Release|Any CPU.Build.0 = Release|Any CPU
		{8217AAEB-51BF-4453-A767-66A65923F22C}.Debug|Any CPU.ActiveCfg = Debug|Any CPU
		{8217AAEB-51BF-4453-A767-66A65923F22C}.Debug|Any CPU.Build.0 = Debug|Any CPU
		{8217AAEB-51BF-4453-A767-66A65923F22C}.Release|Any CPU.ActiveCfg = Release|Any CPU
		{8217AAEB-51BF-4453-A767-66A65923F22C}.Release|Any CPU.Build.0 = Release|Any CPU
		{080C6C72-B63C-4E8E-ACF5-833C911379ED}.Debug|Any CPU.ActiveCfg = Debug|Any CPU
		{080C6C72-B63C-4E8E-ACF5-833C911379ED}.Debug|Any CPU.Build.0 = Debug|Any CPU
		{080C6C72-B63C-4E8E-ACF5-833C911379ED}.Release|Any CPU.ActiveCfg = Release|Any CPU
		{080C6C72-B63C-4E8E-ACF5-833C911379ED}.Release|Any CPU.Build.0 = Release|Any CPU
	EndGlobalSection
	GlobalSection(SolutionProperties) = preSolution
		HideSolutionNode = FALSE
	EndGlobalSection
	GlobalSection(NestedProjects) = preSolution
		{3D1CA146-AD8E-4C8F-9D72-FFB11E2148D0} = {3E960094-A4E8-4C3C-B291-F3803FE7F9B0}
		{5B49FCE0-F690-48F0-A2DD-DB3A825CBB1D} = {3D1CA146-AD8E-4C8F-9D72-FFB11E2148D0}
	EndGlobalSection
	GlobalSection(ExtensibilityGlobals) = postSolution
		SolutionGuid = {6290C06E-B029-4FA4-AB0B-E05D2CBF79B4}
	EndGlobalSection
EndGlobal
